
Microsoft Visual Studio Solution File, Format Version 12.00
# Visual Studio Version 17
VisualStudioVersion = 17.6.33829.357
MinimumVisualStudioVersion = 10.0.40219.1
Project("{FAE04EC0-301F-11D3-BF4B-00C04F79EFBC}") = "ConsoleApp3", "ConsoleApp3\ConsoleApp3.csproj", "{FB97C309-D0E7-4480-BC79-3E6F7E0745CD}"
EndProject
Global
	GlobalSection(SolutionConfigurationPlatforms) = preSolution
		Debug|Any CPU = Debug|Any CPU
		Release|Any CPU = Release|Any CPU
	EndGlobalSection
	GlobalSection(ProjectConfigurationPlatforms) = postSolution
		{FB97C309-D0E7-4480-BC79-3E6F7E0745CD}.Debug|Any CPU.ActiveCfg = Debug|Any CPU
		{FB97C309-D0E7-4480-BC79-3E6F7E0745CD}.Debug|Any CPU.Build.0 = Debug|Any CPU
		{FB97C309-D0E7-4480-BC79-3E6F7E0745CD}.Release|Any CPU.ActiveCfg = Release|Any CPU
		{FB97C309-D0E7-4480-BC79-3E6F7E0745CD}.Release|Any CPU.Build.0 = Release|Any CPU
	EndGlobalSection
	GlobalSection(SolutionProperties) = preSolution
		HideSolutionNode = FALSE
	EndGlobalSection
	GlobalSection(ExtensibilityGlobals) = postSolution
		SolutionGuid = {0FFBF7AB-C2C1-454D-97C9-336FB62C01C0}
	EndGlobalSection
EndGlobal
